// !$*UTF8*$!
{
    archiveVersion = 1;
    objectVersion = 56;
    objects = {
        A20000000000000000000001 = { isa = PBXFileReference; path = FocusNotesApp.swift; sourceTree = "<group>"; lastKnownFileType = sourcecode.swift; };
        A20000000000000000000002 = { isa = PBXFileReference; path = NoteStore.swift; sourceTree = "<group>"; lastKnownFileType = sourcecode.swift; };
        B20000000000000000000001 = { isa = PBXBuildFile; fileRef = A20000000000000000000001; };
        B20000000000000000000002 = { isa = PBXBuildFile; fileRef = A20000000000000000000002; };
        C20000000000000000000001 = {
            isa = PBXSourcesBuildPhase;
            files = (B20000000000000000000001, B20000000000000000000002,);
        };
        D20000000000000000000001 = {
            isa = PBXNativeTarget;
            name = FocusNotes;
            productName = FocusNotes;
            productType = "com.apple.product-type.application";
            buildPhases = (C20000000000000000000001,);
            buildConfigurationList = F20000000000000000000001;
        };
        E20000000000000000000001 = { isa = XCBuildConfiguration; buildSettings = { SDKROOT = macosx; }; name = Debug; };
        F20000000000000000000001 = { isa = XCConfigurationList; buildConfigurations = (E20000000000000000000001,); };
    };
    rootObject = E20000000000000000000001;
}
